
Microsoft Visual Studio Solution File, Format Version 12.00
# Visual Studio Version 17
VisualStudioVersion = 17.0.31903.59
MinimumVisualStudioVersion = 10.0.40219.1
Project("{FAE04EC0-301F-11D3-BF4B-00C04F79EFBC}") = "FileServer", "FileServer\FileServer.csproj", "{B3B03746-D7A6-42F9-972F-E068B4959753}"
EndProject
Project("{2150E333-8FDC-42A3-9474-1A3956D46DE8}") = "SystemTools", "SystemTools", "{32919085-125D-4691-9CD2-A5AF0DD8DCC7}"
EndProject
Project("{FAE04EC0-301F-11D3-BF4B-00C04F79EFBC}") = "SystemToolsShared", "..\SystemTools\SystemToolsShared\SystemToolsShared.csproj", "{47DE9A9B-1569-4E1F-809A-D4E1D767D8E8}"
EndProject
Project("{2150E333-8FDC-42A3-9474-1A3956D46DE8}") = "WebSystemTools", "WebSystemTools", "{4A438BB3-955C-451F-BF28-2734BE7EF1A8}"
EndProject
Project("{FAE04EC0-301F-11D3-BF4B-00C04F79EFBC}") = "WebInstallers", "..\WebSystemTools\WebInstallers\WebInstallers.csproj", "{451EFCCF-A40C-47ED-AED0-8A033C1F9FA6}"
EndProject
Project("{FAE04EC0-301F-11D3-BF4B-00C04F79EFBC}") = "ApiExceptionHandler", "..\WebSystemTools\ApiExceptionHandler\ApiExceptionHandler.csproj", "{E08CFB16-6A2A-4444-A6FE-E1464521B35C}"
EndProject
Project("{FAE04EC0-301F-11D3-BF4B-00C04F79EFBC}") = "TestToolsData", "..\WebSystemTools\TestToolsData\TestToolsData.csproj", "{A6F577CF-3C86-45F8-B54A-ECECCB1C0472}"
EndProject
Project("{FAE04EC0-301F-11D3-BF4B-00C04F79EFBC}") = "ApiContracts", "..\SystemTools\ApiContracts\ApiContracts.csproj", "{514BDBE2-2D5A-4484-921E-099E1A6B12E6}"
EndProject
Project("{FAE04EC0-301F-11D3-BF4B-00C04F79EFBC}") = "TestApiContracts", "..\SystemTools\TestApiContracts\TestApiContracts.csproj", "{BC28F8D9-AE13-49A4-8380-3C74DE1E9952}"
EndProject
Project("{FAE04EC0-301F-11D3-BF4B-00C04F79EFBC}") = "TestToolsApi", "..\WebSystemTools\TestToolsApi\TestToolsApi.csproj", "{A6BEF870-6407-456B-8385-A113900D7944}"
EndProject
Project("{FAE04EC0-301F-11D3-BF4B-00C04F79EFBC}") = "StaticFilesTools", "..\WebSystemTools\StaticFilesTools\StaticFilesTools.csproj", "{3BC52DF5-65D5-4403-99B7-246BFC9CBC97}"
EndProject
Project("{FAE04EC0-301F-11D3-BF4B-00C04F79EFBC}") = "ConfigurationEncrypt", "..\WebSystemTools\ConfigurationEncrypt\ConfigurationEncrypt.csproj", "{423E5E7A-CF0A-4674-9F40-B5B3B76C2DFE}"
EndProject
Project("{FAE04EC0-301F-11D3-BF4B-00C04F79EFBC}") = "SerilogLogger", "..\WebSystemTools\SerilogLogger\SerilogLogger.csproj", "{ABB1919B-9390-401A-A2A0-7162EA44AB62}"
EndProject
Project("{FAE04EC0-301F-11D3-BF4B-00C04F79EFBC}") = "SwaggerTools", "..\WebSystemTools\SwaggerTools\SwaggerTools.csproj", "{415100BC-EB2A-4B3F-92FE-C0C9522C6BFE}"
EndProject
Project("{FAE04EC0-301F-11D3-BF4B-00C04F79EFBC}") = "WindowsServiceTools", "..\WebSystemTools\WindowsServiceTools\WindowsServiceTools.csproj", "{2060C79D-DBBC-4656-B168-43DF9BBCA749}"
EndProject
Global
	GlobalSection(SolutionConfigurationPlatforms) = preSolution
		Debug|Any CPU = Debug|Any CPU
		Release|Any CPU = Release|Any CPU
	EndGlobalSection
	GlobalSection(SolutionProperties) = preSolution
		HideSolutionNode = FALSE
	EndGlobalSection
	GlobalSection(ProjectConfigurationPlatforms) = postSolution
		{B3B03746-D7A6-42F9-972F-E068B4959753}.Debug|Any CPU.ActiveCfg = Debug|Any CPU
		{B3B03746-D7A6-42F9-972F-E068B4959753}.Debug|Any CPU.Build.0 = Debug|Any CPU
		{B3B03746-D7A6-42F9-972F-E068B4959753}.Release|Any CPU.ActiveCfg = Release|Any CPU
		{B3B03746-D7A6-42F9-972F-E068B4959753}.Release|Any CPU.Build.0 = Release|Any CPU
		{47DE9A9B-1569-4E1F-809A-D4E1D767D8E8}.Debug|Any CPU.ActiveCfg = Debug|Any CPU
		{47DE9A9B-1569-4E1F-809A-D4E1D767D8E8}.Debug|Any CPU.Build.0 = Debug|Any CPU
		{47DE9A9B-1569-4E1F-809A-D4E1D767D8E8}.Release|Any CPU.ActiveCfg = Release|Any CPU
		{47DE9A9B-1569-4E1F-809A-D4E1D767D8E8}.Release|Any CPU.Build.0 = Release|Any CPU
		{451EFCCF-A40C-47ED-AED0-8A033C1F9FA6}.Debug|Any CPU.ActiveCfg = Debug|Any CPU
		{451EFCCF-A40C-47ED-AED0-8A033C1F9FA6}.Debug|Any CPU.Build.0 = Debug|Any CPU
		{451EFCCF-A40C-47ED-AED0-8A033C1F9FA6}.Release|Any CPU.ActiveCfg = Release|Any CPU
		{451EFCCF-A40C-47ED-AED0-8A033C1F9FA6}.Release|Any CPU.Build.0 = Release|Any CPU
		{E08CFB16-6A2A-4444-A6FE-E1464521B35C}.Debug|Any CPU.ActiveCfg = Debug|Any CPU
		{E08CFB16-6A2A-4444-A6FE-E1464521B35C}.Debug|Any CPU.Build.0 = Debug|Any CPU
		{E08CFB16-6A2A-4444-A6FE-E1464521B35C}.Release|Any CPU.ActiveCfg = Release|Any CPU
		{E08CFB16-6A2A-4444-A6FE-E1464521B35C}.Release|Any CPU.Build.0 = Release|Any CPU
		{A6F577CF-3C86-45F8-B54A-ECECCB1C0472}.Debug|Any CPU.ActiveCfg = Debug|Any CPU
		{A6F577CF-3C86-45F8-B54A-ECECCB1C0472}.Debug|Any CPU.Build.0 = Debug|Any CPU
		{A6F577CF-3C86-45F8-B54A-ECECCB1C0472}.Release|Any CPU.ActiveCfg = Release|Any CPU
		{A6F577CF-3C86-45F8-B54A-ECECCB1C0472}.Release|Any CPU.Build.0 = Release|Any CPU
		{514BDBE2-2D5A-4484-921E-099E1A6B12E6}.Debug|Any CPU.ActiveCfg = Debug|Any CPU
		{514BDBE2-2D5A-4484-921E-099E1A6B12E6}.Debug|Any CPU.Build.0 = Debug|Any CPU
		{514BDBE2-2D5A-4484-921E-099E1A6B12E6}.Release|Any CPU.ActiveCfg = Release|Any CPU
		{514BDBE2-2D5A-4484-921E-099E1A6B12E6}.Release|Any CPU.Build.0 = Release|Any CPU
		{BC28F8D9-AE13-49A4-8380-3C74DE1E9952}.Debug|Any CPU.ActiveCfg = Debug|Any CPU
		{BC28F8D9-AE13-49A4-8380-3C74DE1E9952}.Debug|Any CPU.Build.0 = Debug|Any CPU
		{BC28F8D9-AE13-49A4-8380-3C74DE1E9952}.Release|Any CPU.ActiveCfg = Release|Any CPU
		{BC28F8D9-AE13-49A4-8380-3C74DE1E9952}.Release|Any CPU.Build.0 = Release|Any CPU
		{A6BEF870-6407-456B-8385-A113900D7944}.Debug|Any CPU.ActiveCfg = Debug|Any CPU
		{A6BEF870-6407-456B-8385-A113900D7944}.Debug|Any CPU.Build.0 = Debug|Any CPU
		{A6BEF870-6407-456B-8385-A113900D7944}.Release|Any CPU.ActiveCfg = Release|Any CPU
		{A6BEF870-6407-456B-8385-A113900D7944}.Release|Any CPU.Build.0 = Release|Any CPU
		{3BC52DF5-65D5-4403-99B7-246BFC9CBC97}.Debug|Any CPU.ActiveCfg = Debug|Any CPU
		{3BC52DF5-65D5-4403-99B7-246BFC9CBC97}.Debug|Any CPU.Build.0 = Debug|Any CPU
		{3BC52DF5-65D5-4403-99B7-246BFC9CBC97}.Release|Any CPU.ActiveCfg = Release|Any CPU
		{3BC52DF5-65D5-4403-99B7-246BFC9CBC97}.Release|Any CPU.Build.0 = Release|Any CPU
		{423E5E7A-CF0A-4674-9F40-B5B3B76C2DFE}.Debug|Any CPU.ActiveCfg = Debug|Any CPU
		{423E5E7A-CF0A-4674-9F40-B5B3B76C2DFE}.Debug|Any CPU.Build.0 = Debug|Any CPU
		{423E5E7A-CF0A-4674-9F40-B5B3B76C2DFE}.Release|Any CPU.ActiveCfg = Release|Any CPU
		{423E5E7A-CF0A-4674-9F40-B5B3B76C2DFE}.Release|Any CPU.Build.0 = Release|Any CPU
		{ABB1919B-9390-401A-A2A0-7162EA44AB62}.Debug|Any CPU.ActiveCfg = Debug|Any CPU
		{ABB1919B-9390-401A-A2A0-7162EA44AB62}.Debug|Any CPU.Build.0 = Debug|Any CPU
		{ABB1919B-9390-401A-A2A0-7162EA44AB62}.Release|Any CPU.ActiveCfg = Release|Any CPU
		{ABB1919B-9390-401A-A2A0-7162EA44AB62}.Release|Any CPU.Build.0 = Release|Any CPU
		{415100BC-EB2A-4B3F-92FE-C0C9522C6BFE}.Debug|Any CPU.ActiveCfg = Debug|Any CPU
		{415100BC-EB2A-4B3F-92FE-C0C9522C6BFE}.Debug|Any CPU.Build.0 = Debug|Any CPU
		{415100BC-EB2A-4B3F-92FE-C0C9522C6BFE}.Release|Any CPU.ActiveCfg = Release|Any CPU
		{415100BC-EB2A-4B3F-92FE-C0C9522C6BFE}.Release|Any CPU.Build.0 = Release|Any CPU
		{2060C79D-DBBC-4656-B168-43DF9BBCA749}.Debug|Any CPU.ActiveCfg = Debug|Any CPU
		{2060C79D-DBBC-4656-B168-43DF9BBCA749}.Debug|Any CPU.Build.0 = Debug|Any CPU
		{2060C79D-DBBC-4656-B168-43DF9BBCA749}.Release|Any CPU.ActiveCfg = Release|Any CPU
		{2060C79D-DBBC-4656-B168-43DF9BBCA749}.Release|Any CPU.Build.0 = Release|Any CPU
	EndGlobalSection
	GlobalSection(NestedProjects) = preSolution
		{47DE9A9B-1569-4E1F-809A-D4E1D767D8E8} = {32919085-125D-4691-9CD2-A5AF0DD8DCC7}
		{451EFCCF-A40C-47ED-AED0-8A033C1F9FA6} = {4A438BB3-955C-451F-BF28-2734BE7EF1A8}
		{E08CFB16-6A2A-4444-A6FE-E1464521B35C} = {4A438BB3-955C-451F-BF28-2734BE7EF1A8}
		{A6F577CF-3C86-45F8-B54A-ECECCB1C0472} = {4A438BB3-955C-451F-BF28-2734BE7EF1A8}
		{514BDBE2-2D5A-4484-921E-099E1A6B12E6} = {32919085-125D-4691-9CD2-A5AF0DD8DCC7}
		{BC28F8D9-AE13-49A4-8380-3C74DE1E9952} = {32919085-125D-4691-9CD2-A5AF0DD8DCC7}
		{A6BEF870-6407-456B-8385-A113900D7944} = {4A438BB3-955C-451F-BF28-2734BE7EF1A8}
		{3BC52DF5-65D5-4403-99B7-246BFC9CBC97} = {4A438BB3-955C-451F-BF28-2734BE7EF1A8}
		{423E5E7A-CF0A-4674-9F40-B5B3B76C2DFE} = {4A438BB3-955C-451F-BF28-2734BE7EF1A8}
		{ABB1919B-9390-401A-A2A0-7162EA44AB62} = {4A438BB3-955C-451F-BF28-2734BE7EF1A8}
		{415100BC-EB2A-4B3F-92FE-C0C9522C6BFE} = {4A438BB3-955C-451F-BF28-2734BE7EF1A8}
		{2060C79D-DBBC-4656-B168-43DF9BBCA749} = {4A438BB3-955C-451F-BF28-2734BE7EF1A8}
	EndGlobalSection
EndGlobal
